
Microsoft Visual Studio Solution File, Format Version 12.00
# Visual Studio 14
VisualStudioVersion = 14.0.23107.0
MinimumVisualStudioVersion = 10.0.40219.1
Project("{FAE04EC0-301F-11D3-BF4B-00C04F79EFBC}") = "Habitat.Main", "Habitat.Main.csproj", "{0D53D20A-EBB2-4345-9EB7-2C77BE39BF4B}"
EndProject
Project("{FAE04EC0-301F-11D3-BF4B-00C04F79EFBC}") = "Habitat.Objects", "..\Habitat.Objects\Habitat.Objects.csproj", "{D6A3A06B-6DD8-4780-8DCC-64172412E106}"
EndProject
Project("{FAE04EC0-301F-11D3-BF4B-00C04F79EFBC}") = "Habitat.Systems", "Habitat.Systems\Habitat.Systems.csproj", "{C5E9EE7E-C227-4E5F-9C33-1C7D9ACD0D75}"
EndProject
Project("{FAE04EC0-301F-11D3-BF4B-00C04F79EFBC}") = "Habitat.Rendering", "Habitat.Rendering\Habitat.Rendering.csproj", "{2E0D6CB2-A056-4AE0-8C19-8C116298366E}"
EndProject
Global
	GlobalSection(SolutionConfigurationPlatforms) = preSolution
		Debug|Any CPU = Debug|Any CPU
		Release|Any CPU = Release|Any CPU
	EndGlobalSection
	GlobalSection(ProjectConfigurationPlatforms) = postSolution
		{0D53D20A-EBB2-4345-9EB7-2C77BE39BF4B}.Debug|Any CPU.ActiveCfg = Debug|Any CPU
		{0D53D20A-EBB2-4345-9EB7-2C77BE39BF4B}.Debug|Any CPU.Build.0 = Debug|Any CPU
		{0D53D20A-EBB2-4345-9EB7-2C77BE39BF4B}.Release|Any CPU.ActiveCfg = Release|Any CPU
		{0D53D20A-EBB2-4345-9EB7-2C77BE39BF4B}.Release|Any CPU.Build.0 = Release|Any CPU
		{D6A3A06B-6DD8-4780-8DCC-64172412E106}.Debug|Any CPU.ActiveCfg = Debug|Any CPU
		{D6A3A06B-6DD8-4780-8DCC-64172412E106}.Debug|Any CPU.Build.0 = Debug|Any CPU
		{D6A3A06B-6DD8-4780-8DCC-64172412E106}.Release|Any CPU.ActiveCfg = Release|Any CPU
		{D6A3A06B-6DD8-4780-8DCC-64172412E106}.Release|Any CPU.Build.0 = Release|Any CPU
		{C5E9EE7E-C227-4E5F-9C33-1C7D9ACD0D75}.Debug|Any CPU.ActiveCfg = Debug|Any CPU
		{C5E9EE7E-C227-4E5F-9C33-1C7D9ACD0D75}.Debug|Any CPU.Build.0 = Debug|Any CPU
		{C5E9EE7E-C227-4E5F-9C33-1C7D9ACD0D75}.Release|Any CPU.ActiveCfg = Release|Any CPU
		{C5E9EE7E-C227-4E5F-9C33-1C7D9ACD0D75}.Release|Any CPU.Build.0 = Release|Any CPU
		{2E0D6CB2-A056-4AE0-8C19-8C116298366E}.Debug|Any CPU.ActiveCfg = Debug|Any CPU
		{2E0D6CB2-A056-4AE0-8C19-8C116298366E}.Debug|Any CPU.Build.0 = Debug|Any CPU
		{2E0D6CB2-A056-4AE0-8C19-8C116298366E}.Release|Any CPU.ActiveCfg = Release|Any CPU
		{2E0D6CB2-A056-4AE0-8C19-8C116298366E}.Release|Any CPU.Build.0 = Release|Any CPU
	EndGlobalSection
	GlobalSection(SolutionProperties) = preSolution
		HideSolutionNode = FALSE
	EndGlobalSection
EndGlobal
